
Microsoft Visual Studio Solution File, Format Version 12.00
# Visual Studio Version 17
VisualStudioVersion = 17.3.32825.248
MinimumVisualStudioVersion = 10.0.40219.1
Project("{9A19103F-16F7-4668-BE54-9A1E7A4F7556}") = "Task1", "Task1\Task1.csproj", "{4C2776F3-0195-462D-B057-000C37997B09}"
EndProject
Project("{FAE04EC0-301F-11D3-BF4B-00C04F79EFBC}") = "Task2", "Task2\Task2.csproj", "{C2E0640A-6807-407C-8278-CD0D307A3468}"
EndProject
Project("{9A19103F-16F7-4668-BE54-9A1E7A4F7556}") = "Task3", "Task3\Task3.csproj", "{830EA694-7F5B-4701-B045-53ACCE43F3F3}"
EndProject
Global
	GlobalSection(SolutionConfigurationPlatforms) = preSolution
		Debug|Any CPU = Debug|Any CPU
		Release|Any CPU = Release|Any CPU
	EndGlobalSection
	GlobalSection(ProjectConfigurationPlatforms) = postSolution
		{4C2776F3-0195-462D-B057-000C37997B09}.Debug|Any CPU.ActiveCfg = Debug|Any CPU
		{4C2776F3-0195-462D-B057-000C37997B09}.Debug|Any CPU.Build.0 = Debug|Any CPU
		{4C2776F3-0195-462D-B057-000C37997B09}.Release|Any CPU.ActiveCfg = Release|Any CPU
		{4C2776F3-0195-462D-B057-000C37997B09}.Release|Any CPU.Build.0 = Release|Any CPU
		{C2E0640A-6807-407C-8278-CD0D307A3468}.Debug|Any CPU.ActiveCfg = Debug|Any CPU
		{C2E0640A-6807-407C-8278-CD0D307A3468}.Debug|Any CPU.Build.0 = Debug|Any CPU
		{C2E0640A-6807-407C-8278-CD0D307A3468}.Release|Any CPU.ActiveCfg = Release|Any CPU
		{C2E0640A-6807-407C-8278-CD0D307A3468}.Release|Any CPU.Build.0 = Release|Any CPU
		{830EA694-7F5B-4701-B045-53ACCE43F3F3}.Debug|Any CPU.ActiveCfg = Debug|Any CPU
		{830EA694-7F5B-4701-B045-53ACCE43F3F3}.Debug|Any CPU.Build.0 = Debug|Any CPU
		{830EA694-7F5B-4701-B045-53ACCE43F3F3}.Release|Any CPU.ActiveCfg = Release|Any CPU
		{830EA694-7F5B-4701-B045-53ACCE43F3F3}.Release|Any CPU.Build.0 = Release|Any CPU
	EndGlobalSection
	GlobalSection(SolutionProperties) = preSolution
		HideSolutionNode = FALSE
	EndGlobalSection
	GlobalSection(ExtensibilityGlobals) = postSolution
		SolutionGuid = {F3783EE5-DD13-401A-9C51-9BDC14E4AAA1}
	EndGlobalSection
EndGlobal
